
Microsoft Visual Studio Solution File, Format Version 12.00
# Visual Studio Version 17
VisualStudioVersion = 17.6.33829.357
MinimumVisualStudioVersion = 10.0.40219.1
Project("{FAE04EC0-301F-11D3-BF4B-00C04F79EFBC}") = "ProyectoProgramaciónAvanzadaWeb", "ProyectoProgramaciónAvanzadaWeb\ProyectoProgramaciónAvanzadaWeb.csproj", "{DEA6D33A-540A-497A-9B0D-58A1B7D2CE9F}"
EndProject
Global
	GlobalSection(SolutionConfigurationPlatforms) = preSolution
		Debug|Any CPU = Debug|Any CPU
		Release|Any CPU = Release|Any CPU
	EndGlobalSection
	GlobalSection(ProjectConfigurationPlatforms) = postSolution
		{DEA6D33A-540A-497A-9B0D-58A1B7D2CE9F}.Debug|Any CPU.ActiveCfg = Debug|Any CPU
		{DEA6D33A-540A-497A-9B0D-58A1B7D2CE9F}.Debug|Any CPU.Build.0 = Debug|Any CPU
		{DEA6D33A-540A-497A-9B0D-58A1B7D2CE9F}.Release|Any CPU.ActiveCfg = Release|Any CPU
		{DEA6D33A-540A-497A-9B0D-58A1B7D2CE9F}.Release|Any CPU.Build.0 = Release|Any CPU
	EndGlobalSection
	GlobalSection(SolutionProperties) = preSolution
		HideSolutionNode = FALSE
	EndGlobalSection
	GlobalSection(ExtensibilityGlobals) = postSolution
		SolutionGuid = {702A8873-6BA6-4A61-8DBA-62FF0A31CE58}
	EndGlobalSection
EndGlobal
